
Microsoft Visual Studio Solution File, Format Version 12.00
# Visual Studio Version 16
VisualStudioVersion = 16.0.29424.173
MinimumVisualStudioVersion = 10.0.40219.1
Project("{8BC9CEB8-8B4A-11D0-8D11-00A0C91BC942}") = "SoftwareRenderer", "SoftwareRenderer.vcxproj", "{61EFCEF3-7428-47D0-BCAD-B8C4F371F532}"
EndProject
Global
	GlobalSection(SolutionConfigurationPlatforms) = preSolution
		Debug|x64 = Debug|x64
		Release|x64 = Release|x64
	EndGlobalSection
	GlobalSection(ProjectConfigurationPlatforms) = postSolution
		{61EFCEF3-7428-47D0-BCAD-B8C4F371F532}.Debug|x64.ActiveCfg = Debug|x64
		{61EFCEF3-7428-47D0-BCAD-B8C4F371F532}.Debug|x64.Build.0 = Debug|x64
		{61EFCEF3-7428-47D0-BCAD-B8C4F371F532}.Release|x64.ActiveCfg = Release|x64
		{61EFCEF3-7428-47D0-BCAD-B8C4F371F532}.Release|x64.Build.0 = Release|x64
	EndGlobalSection
	GlobalSection(SolutionProperties) = preSolution
		HideSolutionNode = FALSE
	EndGlobalSection
	GlobalSection(ExtensibilityGlobals) = postSolution
		SolutionGuid = {826E23ED-C21B-4ABD-9B72-3DCD686A3141}
	EndGlobalSection
EndGlobal
