<?xml version="1.0" encoding="utf-8"?>
<Project ToolsVersion="4.0" xmlns="http://schemas.microsoft.com/developer/msbuild/2003">
  <ItemGroup>
    <ClCompile Include="Source\Main.cpp" />
    <ClCompile Include="Vendor\imgui.cpp" />
    <ClCompile Include="Vendor\imgui_draw.cpp" />
    <ClCompile Include="Vendor\imgui_widgets.cpp" />
    <ClCompile Include="Vendor\imgui-SFML.cpp" />
    <ClCompile Include="Source\Core\Graphics\Color.cpp" />
    <ClCompile Include="Source\Core\Graphics\IShaderProgram.cpp" />
    <ClCompile Include="Source\Core\Graphics\Rasterizer.cpp" />
    <ClCompile Include="Source\Core\Graphics\RenderPipeline.cpp" />
    <ClCompile Include="Source\Core\Graphics\Vertex.cpp" />
    <ClCompile Include="Source\Core\Math\Mat4.cpp" />
    <ClCompile Include="Source\Core\Math\MathFunc.cpp" />
    <ClCompile Include="Source\Core\Math\Vec2.cpp" />
    <ClCompile Include="Source\Core\Math\Vec2i.cpp" />
    <ClCompile Include="Source\Core\Math\Vec3.cpp" />
    <ClCompile Include="Source\Core\Math\Vec4.cpp" />
    <ClCompile Include="Source\Core\App.cpp" />
    <ClCompile Include="Source\Core\Graphics\Shaders\DefaultShader.cpp" />
    <ClCompile Include="Source\Core\Graphics\Mesh.cpp" />
    <ClCompile Include="Source\Core\World\Entity.cpp" />
    <ClCompile Include="Source\Core\World\World.cpp" />
    <ClCompile Include="Source\Core\World\Camera.cpp" />
    <ClCompile Include="Source\Core\World\WorldObject.cpp" />
    <ClCompile Include="Source\Core\AssetsLoader.cpp" />
    <ClCompile Include="Source\DemoApp\DemoApp.cpp" />
    <ClCompile Include="Source\DemoApp\GUI\AppPropertiesWidget.h" />
    <ClCompile Include="Source\DemoApp\GUI\AppPropertiesWidget.cpp" />
    <ClCompile Include="Source\DemoApp\GUI\TransformManipulatorWidget.cpp" />
    <ClCompile Include="Source\DemoApp\Shaders\MixedLightShader.cpp" />
    <ClCompile Include="Source\DemoApp\GUI\CameraManipulatorWidget.cpp" />
    <ClCompile Include="Source\DemoApp\SceneObject.cpp" />
  </ItemGroup>
  <ItemGroup>
    <ClInclude Include="Source\Core\Graphics\Buffer.h" />
    <ClInclude Include="Source\Core\Graphics\Buffer.hpp" />
    <ClInclude Include="Source\Core\Graphics\Color.h" />
    <ClInclude Include="Source\Core\Graphics\DepthBuffer.h" />
    <ClInclude Include="Source\Core\Graphics\FrameBuffer.h" />
    <ClInclude Include="Source\Core\Graphics\IShaderProgram.h" />
    <ClInclude Include="Source\Core\Graphics\Rasterizer.h" />
    <ClInclude Include="Source\Core\Graphics\RenderPipeline.h" />
    <ClInclude Include="Source\Core\Graphics\Triangle.h" />
    <ClInclude Include="Source\Core\Graphics\Vertex.h" />
    <ClInclude Include="Source\Core\Math\Mat4.h" />
    <ClInclude Include="Source\Core\Math\Math.h" />
    <ClInclude Include="Source\Core\Math\MathFunc.h" />
    <ClInclude Include="Source\Core\Math\Vec2.h" />
    <ClInclude Include="Source\Core\Math\Vec2i.h" />
    <ClInclude Include="Source\Core\Math\Vec3.h" />
    <ClInclude Include="Source\Core\Math\Vec4.h" />
    <ClInclude Include="Source\Core\App.h" />
    <ClInclude Include="Source\Core\Graphics\Shaders\DefaultShader.h" />
    <ClInclude Include="Source\Core\Graphics\Shaders\TextureShader.h" />
    <ClInclude Include="Source\Core\Graphics\Mesh.h" />
    <ClInclude Include="Source\Core\Graphics\Shaders\GouraudShader.h" />
    <ClInclude Include="Source\Core\Graphics\Shaders\GouraudTextureShader.h" />
    <ClInclude Include="Source\Core\Graphics\Shaders\PointLightShader.h" />
    <ClInclude Include="Source\Core\Graphics\Shaders\PointLightTextureShader.h" />
    <ClInclude Include="Source\Core\World\Entity.h" />
    <ClInclude Include="Source\Core\World\World.h" />
    <ClInclude Include="Source\Core\World\Camera.h" />
    <ClInclude Include="Source\Core\World\WorldObject.h" />
    <ClInclude Include="Source\Core\World\ICamera.h" />
    <ClInclude Include="Source\Core\AssetsLoader.h" />
    <ClInclude Include="Source\DemoApp\DemoApp.h" />
    <ClInclude Include="Source\Core\Engine.h" />
    <ClInclude Include="Source\DemoApp\GUI\Widget.h" />
    <ClInclude Include="Source\DemoApp\GUI\TransformManipulatorWidget.h" />
    <ClInclude Include="Source\DemoApp\Shaders\MixedLightShader.h" />
    <ClInclude Include="Source\DemoApp\Shaders\Shaders.h" />
    <ClInclude Include="Source\DemoApp\Shaders\DefaultSingleColorShader.h" />
    <ClInclude Include="Source\DemoApp\GUI\Widgets.h" />
    <ClInclude Include="Source\DemoApp\GUI\CameraManipulatorWidget.h" />
    <ClInclude Include="Source\Core\Graphics\Common.h" />
    <ClInclude Include="Source\DemoApp\SceneObject.h" />
  </ItemGroup>
</Project>