<?xml version="1.0" encoding="utf-8"?>
<Project ToolsVersion="4.0" xmlns="http://schemas.microsoft.com/developer/msbuild/2003">
  <ItemGroup>
    <ClCompile Include="Source\Main.cpp" />
    <ClCompile Include="Vendor\imgui.cpp" />
    <ClCompile Include="Vendor\imgui_draw.cpp" />
    <ClCompile Include="Vendor\imgui_widgets.cpp" />
    <ClCompile Include="Vendor\imgui-SFML.cpp" />
    <ClCompile Include="Source\Core\Graphics\Color.cpp" />
    <ClCompile Include="Source\Core\Graphics\Rasterizer.cpp" />
    <ClCompile Include="Source\Core\Graphics\RenderPipeline.cpp" />
    <ClCompile Include="Source\Core\Graphics\Vertex.cpp" />
    <ClCompile Include="Source\Core\Math\Mat4.cpp" />
    <ClCompile Include="Source\Core\Math\Vec2.cpp" />
    <ClCompile Include="Source\Core\Math\Vec2i.cpp" />
    <ClCompile Include="Source\Core\Math\Vec3.cpp" />
    <ClCompile Include="Source\Core\Math\Vec4.cpp" />
    <ClCompile Include="Source\Core\App.cpp" />
    <ClCompile Include="Source\Core\Graphics\Mesh.cpp" />
    <ClCompile Include="Source\Core\AssetLoader.cpp" />
    <ClCompile Include="Source\Core\Window.cpp" />
    <ClCompile Include="Source\Core\Math\Math.cpp" />
    <ClCompile Include="Source\Core\Scene\Camera.cpp" />
    <ClCompile Include="Source\Core\Graphics\ShaderProgram.cpp" />
    <ClCompile Include="Source\Sandbox\DemoApplication.cpp" />
    <ClCompile Include="Source\Core\Scene\Transform3D.cpp" />
    <ClCompile Include="Source\Core\Scene\Object3D.cpp" />
    <ClCompile Include="Source\Core\Scene\CompositeObject3D.cpp" />
  </ItemGroup>
  <ItemGroup>
    <ClInclude Include="Source\Core\Graphics\Buffer.h" />
    <ClInclude Include="Source\Core\Graphics\Buffer.hpp" />
    <ClInclude Include="Source\Core\Graphics\Color.h" />
    <ClInclude Include="Source\Core\Graphics\DepthBuffer.h" />
    <ClInclude Include="Source\Core\Graphics\FrameBuffer.h" />
    <ClInclude Include="Source\Core\Graphics\Rasterizer.h" />
    <ClInclude Include="Source\Core\Graphics\RenderPipeline.h" />
    <ClInclude Include="Source\Core\Graphics\Triangle.h" />
    <ClInclude Include="Source\Core\Graphics\Vertex.h" />
    <ClInclude Include="Source\Core\Math\Mat4.h" />
    <ClInclude Include="Source\Core\Math\Math.h" />
    <ClInclude Include="Source\Core\Math\Vec2.h" />
    <ClInclude Include="Source\Core\Math\Vec2i.h" />
    <ClInclude Include="Source\Core\Math\Vec3.h" />
    <ClInclude Include="Source\Core\Math\Vec4.h" />
    <ClInclude Include="Source\Core\App.h" />
    <ClInclude Include="Source\Core\Graphics\Mesh.h" />
    <ClInclude Include="Source\Core\Engine.h" />
    <ClInclude Include="Source\Core\Graphics\Common.h" />
    <ClInclude Include="Source\Core\AssetLoader.h" />
    <ClInclude Include="Source\Core\Window.h" />
    <ClInclude Include="Source\Core\Defines.h" />
    <ClInclude Include="Source\Core\Exceptions.h" />
    <ClInclude Include="Source\Core\Scene\Camera.h" />
    <ClInclude Include="Source\Core\Graphics\ShaderProgram.h" />
    <ClInclude Include="Source\Sandbox\DemoApplication.h" />
    <ClInclude Include="Source\Core\Scene\ICamera.h" />
    <ClInclude Include="Source\Core\Scene\Scene.h" />
    <ClInclude Include="Source\Core\Utils.h" />
    <ClInclude Include="Source\Sandbox\Shaders\PointLightShaderBase.h" />
    <ClInclude Include="Source\Sandbox\Shaders\Aliases.h" />
    <ClInclude Include="Source\Sandbox\Shaders\PhongShader.h" />
    <ClInclude Include="Source\Core\Scene\IDrawable3D.h" />
    <ClInclude Include="Source\Core\Scene\ITransformable3D.h" />
    <ClInclude Include="Source\Core\Scene\CompositeObject3D.h" />
    <ClInclude Include="Source\Core\Scene\Object3D.h" />
    <ClInclude Include="Source\Core\Scene\Transform3D.h" />
    <ClInclude Include="Source\Core\Scene\Object3DBase.h" />
  </ItemGroup>
</Project>